
Microsoft Visual Studio Solution File, Format Version 12.00
Project("{FAE04EC0-301F-11D3-BF4B-00C04F79EFBC}") = "University", "University.csproj", "{9EE98473-E77F-4A0D-984E-3405C05CEADB}"
EndProject
Global
	GlobalSection(SolutionConfigurationPlatforms) = preSolution
		Debug|Any CPU = Debug|Any CPU
		Release|Any CPU = Release|Any CPU
	EndGlobalSection
	GlobalSection(ProjectConfigurationPlatforms) = postSolution
		{9EE98473-E77F-4A0D-984E-3405C05CEADB}.Debug|Any CPU.ActiveCfg = Debug|Any CPU
		{9EE98473-E77F-4A0D-984E-3405C05CEADB}.Debug|Any CPU.Build.0 = Debug|Any CPU
		{9EE98473-E77F-4A0D-984E-3405C05CEADB}.Release|Any CPU.ActiveCfg = Release|Any CPU
		{9EE98473-E77F-4A0D-984E-3405C05CEADB}.Release|Any CPU.Build.0 = Release|Any CPU
	EndGlobalSection
EndGlobal
